
Microsoft Visual Studio Solution File, Format Version 12.00
# TcXaeShell Solution File, Format Version 11.00
VisualStudioVersion = 15.0.33403.129
MinimumVisualStudioVersion = 10.0.40219.1
Project("{B1E792BE-AA5F-4E3C-8C82-674BF9C0715B}") = "example_spt_temp_ctrl", "example_spt_temp_ctrl\example_spt_temp_ctrl.tsproj", "{34BF7625-3D01-467E-A94B-B79F20A9AB29}"
EndProject
Global
	GlobalSection(SolutionConfigurationPlatforms) = preSolution
		Debug|TwinCAT CE7 (ARMV7) = Debug|TwinCAT CE7 (ARMV7)
		Debug|TwinCAT OS (ARMT2) = Debug|TwinCAT OS (ARMT2)
		Debug|TwinCAT RT (x64) = Debug|TwinCAT RT (x64)
		Debug|TwinCAT RT (x86) = Debug|TwinCAT RT (x86)
		Release|TwinCAT CE7 (ARMV7) = Release|TwinCAT CE7 (ARMV7)
		Release|TwinCAT OS (ARMT2) = Release|TwinCAT OS (ARMT2)
		Release|TwinCAT RT (x64) = Release|TwinCAT RT (x64)
		Release|TwinCAT RT (x86) = Release|TwinCAT RT (x86)
	EndGlobalSection
	GlobalSection(ProjectConfigurationPlatforms) = postSolution
		{34BF7625-3D01-467E-A94B-B79F20A9AB29}.Debug|TwinCAT CE7 (ARMV7).ActiveCfg = Debug|TwinCAT CE7 (ARMV7)
		{34BF7625-3D01-467E-A94B-B79F20A9AB29}.Debug|TwinCAT CE7 (ARMV7).Build.0 = Debug|TwinCAT CE7 (ARMV7)
		{34BF7625-3D01-467E-A94B-B79F20A9AB29}.Debug|TwinCAT OS (ARMT2).ActiveCfg = Debug|TwinCAT OS (ARMT2)
		{34BF7625-3D01-467E-A94B-B79F20A9AB29}.Debug|TwinCAT OS (ARMT2).Build.0 = Debug|TwinCAT OS (ARMT2)
		{34BF7625-3D01-467E-A94B-B79F20A9AB29}.Debug|TwinCAT RT (x64).ActiveCfg = Debug|TwinCAT RT (x64)
		{34BF7625-3D01-467E-A94B-B79F20A9AB29}.Debug|TwinCAT RT (x64).Build.0 = Debug|TwinCAT RT (x64)
		{34BF7625-3D01-467E-A94B-B79F20A9AB29}.Debug|TwinCAT RT (x86).ActiveCfg = Debug|TwinCAT RT (x86)
		{34BF7625-3D01-467E-A94B-B79F20A9AB29}.Debug|TwinCAT RT (x86).Build.0 = Debug|TwinCAT RT (x86)
		{34BF7625-3D01-467E-A94B-B79F20A9AB29}.Release|TwinCAT CE7 (ARMV7).ActiveCfg = Release|TwinCAT CE7 (ARMV7)
		{34BF7625-3D01-467E-A94B-B79F20A9AB29}.Release|TwinCAT CE7 (ARMV7).Build.0 = Release|TwinCAT CE7 (ARMV7)
		{34BF7625-3D01-467E-A94B-B79F20A9AB29}.Release|TwinCAT OS (ARMT2).ActiveCfg = Release|TwinCAT OS (ARMT2)
		{34BF7625-3D01-467E-A94B-B79F20A9AB29}.Release|TwinCAT OS (ARMT2).Build.0 = Release|TwinCAT OS (ARMT2)
		{34BF7625-3D01-467E-A94B-B79F20A9AB29}.Release|TwinCAT RT (x64).ActiveCfg = Release|TwinCAT RT (x64)
		{34BF7625-3D01-467E-A94B-B79F20A9AB29}.Release|TwinCAT RT (x64).Build.0 = Release|TwinCAT RT (x64)
		{34BF7625-3D01-467E-A94B-B79F20A9AB29}.Release|TwinCAT RT (x86).ActiveCfg = Release|TwinCAT RT (x86)
		{34BF7625-3D01-467E-A94B-B79F20A9AB29}.Release|TwinCAT RT (x86).Build.0 = Release|TwinCAT RT (x86)
		{0B1149E5-B5A7-46BD-97F0-D54AE69ABD86}.Debug|TwinCAT CE7 (ARMV7).ActiveCfg = Debug|TwinCAT CE7 (ARMV7)
		{0B1149E5-B5A7-46BD-97F0-D54AE69ABD86}.Debug|TwinCAT CE7 (ARMV7).Build.0 = Debug|TwinCAT CE7 (ARMV7)
		{0B1149E5-B5A7-46BD-97F0-D54AE69ABD86}.Debug|TwinCAT OS (ARMT2).ActiveCfg = Debug|TwinCAT OS (ARMT2)
		{0B1149E5-B5A7-46BD-97F0-D54AE69ABD86}.Debug|TwinCAT OS (ARMT2).Build.0 = Debug|TwinCAT OS (ARMT2)
		{0B1149E5-B5A7-46BD-97F0-D54AE69ABD86}.Debug|TwinCAT RT (x64).ActiveCfg = Debug|TwinCAT RT (x64)
		{0B1149E5-B5A7-46BD-97F0-D54AE69ABD86}.Debug|TwinCAT RT (x64).Build.0 = Debug|TwinCAT RT (x64)
		{0B1149E5-B5A7-46BD-97F0-D54AE69ABD86}.Debug|TwinCAT RT (x86).ActiveCfg = Debug|TwinCAT RT (x86)
		{0B1149E5-B5A7-46BD-97F0-D54AE69ABD86}.Debug|TwinCAT RT (x86).Build.0 = Debug|TwinCAT RT (x86)
		{0B1149E5-B5A7-46BD-97F0-D54AE69ABD86}.Release|TwinCAT CE7 (ARMV7).ActiveCfg = Release|TwinCAT CE7 (ARMV7)
		{0B1149E5-B5A7-46BD-97F0-D54AE69ABD86}.Release|TwinCAT CE7 (ARMV7).Build.0 = Release|TwinCAT CE7 (ARMV7)
		{0B1149E5-B5A7-46BD-97F0-D54AE69ABD86}.Release|TwinCAT OS (ARMT2).ActiveCfg = Release|TwinCAT OS (ARMT2)
		{0B1149E5-B5A7-46BD-97F0-D54AE69ABD86}.Release|TwinCAT OS (ARMT2).Build.0 = Release|TwinCAT OS (ARMT2)
		{0B1149E5-B5A7-46BD-97F0-D54AE69ABD86}.Release|TwinCAT RT (x64).ActiveCfg = Release|TwinCAT RT (x64)
		{0B1149E5-B5A7-46BD-97F0-D54AE69ABD86}.Release|TwinCAT RT (x64).Build.0 = Release|TwinCAT RT (x64)
		{0B1149E5-B5A7-46BD-97F0-D54AE69ABD86}.Release|TwinCAT RT (x86).ActiveCfg = Release|TwinCAT RT (x86)
		{0B1149E5-B5A7-46BD-97F0-D54AE69ABD86}.Release|TwinCAT RT (x86).Build.0 = Release|TwinCAT RT (x86)
	EndGlobalSection
	GlobalSection(SolutionProperties) = preSolution
		HideSolutionNode = FALSE
	EndGlobalSection
	GlobalSection(ExtensibilityGlobals) = postSolution
		SolutionGuid = {A154D8D5-266B-4B7F-AC08-808BE8C6AB54}
	EndGlobalSection
EndGlobal
